// !$*UTF8*$!
{
	archiveVersion = 1;
	classes = {
	};
	objectVersion = 46;
	objects = {

/* Begin PBXBuildFile section */
		1651914F11C059AE916D75FF /* libPods-ShareReceiver.a in Frameworks */ = {isa = PBXBuildFile; fileRef = 26DF8AAF3C01AFD343694BC2 /* libPods-ShareReceiver.a */; };
		6A00166320650B9500EAFA0E /* MainInterface.storyboard in Resources */ = {isa = PBXBuildFile; fileRef = 6A00166120650B9500EAFA0E /* MainInterface.storyboard */; };
		6A00166720650B9600EAFA0E /* ShareReceiver.appex in Embed App Extensions */ = {isa = PBXBuildFile; fileRef = 6A00165C20650B9500EAFA0E /* ShareReceiver.appex */; settings = {ATTRIBUTES = (RemoveHeadersOnCopy, ); }; };
		6A00166D20650BEA00EAFA0E /* ShareReceiver.m in Sources */ = {isa = PBXBuildFile; fileRef = 6A00166C20650BEA00EAFA0E /* ShareReceiver.m */; };
		6A585D1820694F6B00E7B9DA /* libVydiaRNFileUploader.a in Frameworks */ = {isa = PBXBuildFile; fileRef = 6A585D1720694F5B00E7B9DA /* libVydiaRNFileUploader.a */; };
		6A6D35C820F7ACBD00151B09 /* wundershine-logos.ttf in Resources */ = {isa = PBXBuildFile; fileRef = 6A6D35C520F7ACBD00151B09 /* wundershine-logos.ttf */; };
		6A6D35C920F7ACBD00151B09 /* wundershine-logos.ttf in Resources */ = {isa = PBXBuildFile; fileRef = 6A6D35C520F7ACBD00151B09 /* wundershine-logos.ttf */; };
		6ACA76F5206577BF00A6BE39 /* ReactNativeShareExtension.m in Sources */ = {isa = PBXBuildFile; fileRef = 6ACA76F4206577BF00A6BE39 /* ReactNativeShareExtension.m */; };
		951F0055FBD63C3D7AB8CC27 /* libPods-Wundershine.a in Frameworks */ = {isa = PBXBuildFile; fileRef = 1FAF2DB259D45CD87C7B72DF /* libPods-Wundershine.a */; };
		E33FD0F41FFBDBD900EB627A /* RNUeno.m in Sources */ = {isa = PBXBuildFile; fileRef = E33FD0F31FFBDBD900EB627A /* RNUeno.m */; };
		E3A2B8A61FEACEE70099C8F8 /* AppDelegate.m in Sources */ = {isa = PBXBuildFile; fileRef = E3A2B89F1FEACEE70099C8F8 /* AppDelegate.m */; };
		E3A2B8A71FEACEE70099C8F8 /* LaunchScreen.xib in Resources */ = {isa = PBXBuildFile; fileRef = E3A2B8A01FEACEE70099C8F8 /* LaunchScreen.xib */; };
		E3A2B8A91FEACEE70099C8F8 /* Images.xcassets in Resources */ = {isa = PBXBuildFile; fileRef = E3A2B8A31FEACEE70099C8F8 /* Images.xcassets */; };
		E3A2B8AB1FEACEE70099C8F8 /* main.m in Sources */ = {isa = PBXBuildFile; fileRef = E3A2B8A51FEACEE70099C8F8 /* main.m */; };
/* End PBXBuildFile section */

/* Begin PBXContainerItemProxy section */
		6A00166520650B9600EAFA0E /* PBXContainerItemProxy */ = {
			isa = PBXContainerItemProxy;
			containerPortal = 83CBB9F71A601CBA00E9B192 /* Project object */;
			proxyType = 1;
			remoteGlobalIDString = 6A00165B20650B9500EAFA0E;
			remoteInfo = ShareReceiver;
		};
		6A00167220650C8200EAFA0E /* PBXContainerItemProxy */ = {
			isa = PBXContainerItemProxy;
			containerPortal = 6A00166E20650C8200EAFA0E /* ReactNativeShareExtension.xcodeproj */;
			proxyType = 2;
			remoteGlobalIDString = 41B5DE301D0B505800949BD5;
			remoteInfo = ReactNativeShareExtension;
		};
		6A585D1620694F5B00E7B9DA /* PBXContainerItemProxy */ = {
			isa = PBXContainerItemProxy;
			containerPortal = 6A585D1120694F5B00E7B9DA /* VydiaRNFileUploader.xcodeproj */;
			proxyType = 2;
			remoteGlobalIDString = 014A3B5C1C6CF33500B6D375;
			remoteInfo = VydiaRNFileUploader;
		};
/* End PBXContainerItemProxy section */

/* Begin PBXCopyFilesBuildPhase section */
		6A00166B20650B9600EAFA0E /* Embed App Extensions */ = {
			isa = PBXCopyFilesBuildPhase;
			buildActionMask = 2147483647;
			dstPath = "";
			dstSubfolderSpec = 13;
			files = (
				6A00166720650B9600EAFA0E /* ShareReceiver.appex in Embed App Extensions */,
			);
			name = "Embed App Extensions";
			runOnlyForDeploymentPostprocessing = 0;
		};
/* End PBXCopyFilesBuildPhase section */

/* Begin PBXFileReference section */
		13B07F961A680F5B00A75B9A /* Wundershine.app */ = {isa = PBXFileReference; explicitFileType = wrapper.application; includeInIndex = 0; path = Wundershine.app; sourceTree = BUILT_PRODUCTS_DIR; };
		1FAF2DB259D45CD87C7B72DF /* libPods-Wundershine.a */ = {isa = PBXFileReference; explicitFileType = archive.ar; includeInIndex = 0; path = "libPods-Wundershine.a"; sourceTree = BUILT_PRODUCTS_DIR; };
		26DF8AAF3C01AFD343694BC2 /* libPods-ShareReceiver.a */ = {isa = PBXFileReference; explicitFileType = archive.ar; includeInIndex = 0; path = "libPods-ShareReceiver.a"; sourceTree = BUILT_PRODUCTS_DIR; };
		43D3F013B0A8F2A146DE3084 /* Pods-ShareReceiver.debug.xcconfig */ = {isa = PBXFileReference; includeInIndex = 1; lastKnownFileType = text.xcconfig; name = "Pods-ShareReceiver.debug.xcconfig"; path = "Pods/Target Support Files/Pods-ShareReceiver/Pods-ShareReceiver.debug.xcconfig"; sourceTree = "<group>"; };
		6A00165C20650B9500EAFA0E /* ShareReceiver.appex */ = {isa = PBXFileReference; explicitFileType = "wrapper.app-extension"; includeInIndex = 0; path = ShareReceiver.appex; sourceTree = BUILT_PRODUCTS_DIR; };
		6A00166220650B9500EAFA0E /* Base */ = {isa = PBXFileReference; lastKnownFileType = file.storyboard; name = Base; path = Base.lproj/MainInterface.storyboard; sourceTree = "<group>"; };
		6A00166420650B9600EAFA0E /* Info.plist */ = {isa = PBXFileReference; lastKnownFileType = text.plist.xml; path = Info.plist; sourceTree = "<group>"; };
		6A00166C20650BEA00EAFA0E /* ShareReceiver.m */ = {isa = PBXFileReference; lastKnownFileType = sourcecode.c.objc; path = ShareReceiver.m; sourceTree = "<group>"; };
		6A00166E20650C8200EAFA0E /* ReactNativeShareExtension.xcodeproj */ = {isa = PBXFileReference; lastKnownFileType = "wrapper.pb-project"; name = ReactNativeShareExtension.xcodeproj; path = "../node_modules/react-native-share-extension/ios/ReactNativeShareExtension.xcodeproj"; sourceTree = "<group>"; };
		6A00167520650E2500EAFA0E /* libReact.a */ = {isa = PBXFileReference; explicitFileType = archive.ar; path = libReact.a; sourceTree = BUILT_PRODUCTS_DIR; };
		6A1000682098595F00993637 /* Wundershine.entitlements */ = {isa = PBXFileReference; lastKnownFileType = text.plist.entitlements; path = Wundershine.entitlements; sourceTree = "<group>"; };
		6A100069209859CE00993637 /* ShareReceiver.entitlements */ = {isa = PBXFileReference; lastKnownFileType = text.plist.entitlements; path = ShareReceiver.entitlements; sourceTree = "<group>"; };
		6A18E35920656AD2005ABDAE /* libBVLinearGradient.a */ = {isa = PBXFileReference; explicitFileType = archive.ar; path = libBVLinearGradient.a; sourceTree = BUILT_PRODUCTS_DIR; };
		6A18E35A20656AD2005ABDAE /* libCodePush.a */ = {isa = PBXFileReference; explicitFileType = archive.ar; path = libCodePush.a; sourceTree = BUILT_PRODUCTS_DIR; };
		6A18E35B20656AD2005ABDAE /* libDoubleConversion.a */ = {isa = PBXFileReference; explicitFileType = archive.ar; path = libDoubleConversion.a; sourceTree = BUILT_PRODUCTS_DIR; };
		6A18E35C20656AD2005ABDAE /* libFolly.a */ = {isa = PBXFileReference; explicitFileType = archive.ar; path = libFolly.a; sourceTree = BUILT_PRODUCTS_DIR; };
		6A18E35D20656AD2005ABDAE /* libglog.a */ = {isa = PBXFileReference; explicitFileType = archive.ar; path = libglog.a; sourceTree = BUILT_PRODUCTS_DIR; };
		6A18E35E20656AD2005ABDAE /* libKSCrash.a */ = {isa = PBXFileReference; explicitFileType = archive.ar; path = libKSCrash.a; sourceTree = BUILT_PRODUCTS_DIR; };
		6A18E36120656AD2005ABDAE /* libReact-b9477e2b.a */ = {isa = PBXFileReference; explicitFileType = archive.ar; path = "libReact-b9477e2b.a"; sourceTree = BUILT_PRODUCTS_DIR; };
		6A18E36220656AD2005ABDAE /* libReact-c60eff18.a */ = {isa = PBXFileReference; explicitFileType = archive.ar; path = "libReact-c60eff18.a"; sourceTree = BUILT_PRODUCTS_DIR; };
		6A18E36320656AD2005ABDAE /* libreact-native-blur.a */ = {isa = PBXFileReference; explicitFileType = archive.ar; path = "libreact-native-blur.a"; sourceTree = BUILT_PRODUCTS_DIR; };
		6A18E36420656AD2005ABDAE /* libreact-native-config.a */ = {isa = PBXFileReference; explicitFileType = archive.ar; path = "libreact-native-config.a"; sourceTree = BUILT_PRODUCTS_DIR; };
		6A18E36520656AD2005ABDAE /* libreact-native-navigation.a */ = {isa = PBXFileReference; explicitFileType = archive.ar; path = "libreact-native-navigation.a"; sourceTree = BUILT_PRODUCTS_DIR; };
		6A18E36620656AD2005ABDAE /* libRNVectorIcons.a */ = {isa = PBXFileReference; explicitFileType = archive.ar; path = libRNVectorIcons.a; sourceTree = BUILT_PRODUCTS_DIR; };
		6A18E36720656AD2005ABDAE /* libSentry.a */ = {isa = PBXFileReference; explicitFileType = archive.ar; path = libSentry.a; sourceTree = BUILT_PRODUCTS_DIR; };
		6A18E36820656AD2005ABDAE /* libSentryReactNative.a */ = {isa = PBXFileReference; explicitFileType = archive.ar; path = libSentryReactNative.a; sourceTree = BUILT_PRODUCTS_DIR; };
		6A18E36920656AD2005ABDAE /* libyoga.a */ = {isa = PBXFileReference; explicitFileType = archive.ar; path = libyoga.a; sourceTree = BUILT_PRODUCTS_DIR; };
		6A585D1120694F5B00E7B9DA /* VydiaRNFileUploader.xcodeproj */ = {isa = PBXFileReference; lastKnownFileType = "wrapper.pb-project"; name = VydiaRNFileUploader.xcodeproj; path = "../node_modules/react-native-background-upload/ios/VydiaRNFileUploader.xcodeproj"; sourceTree = "<group>"; };
		6A6D35C520F7ACBD00151B09 /* wundershine-logos.ttf */ = {isa = PBXFileReference; lastKnownFileType = file; name = "wundershine-logos.ttf"; path = "../assets/wundershine-logos.ttf"; sourceTree = "<group>"; };
		6A8FB8FC2065744400EEFFA7 /* libReact-f5a795f1.a */ = {isa = PBXFileReference; explicitFileType = archive.ar; path = "libReact-f5a795f1.a"; sourceTree = BUILT_PRODUCTS_DIR; };
		6ACA76F3206577B400A6BE39 /* ReactNativeShareExtension.h */ = {isa = PBXFileReference; fileEncoding = 4; lastKnownFileType = sourcecode.c.h; path = ReactNativeShareExtension.h; sourceTree = "<group>"; };
		6ACA76F4206577BF00A6BE39 /* ReactNativeShareExtension.m */ = {isa = PBXFileReference; fileEncoding = 4; lastKnownFileType = sourcecode.c.objc; path = ReactNativeShareExtension.m; sourceTree = "<group>"; };
		7187B9D807611889EA80FFE4 /* Pods-ShareReceiver.release.xcconfig */ = {isa = PBXFileReference; includeInIndex = 1; lastKnownFileType = text.xcconfig; name = "Pods-ShareReceiver.release.xcconfig"; path = "Pods/Target Support Files/Pods-ShareReceiver/Pods-ShareReceiver.release.xcconfig"; sourceTree = "<group>"; };
		DB762D40D55BFAED85929F12 /* Pods-Wundershine.release.xcconfig */ = {isa = PBXFileReference; includeInIndex = 1; lastKnownFileType = text.xcconfig; name = "Pods-Wundershine.release.xcconfig"; path = "Pods/Target Support Files/Pods-Wundershine/Pods-Wundershine.release.xcconfig"; sourceTree = "<group>"; };
		E33FD0F31FFBDBD900EB627A /* RNUeno.m */ = {isa = PBXFileReference; lastKnownFileType = sourcecode.c.objc; path = RNUeno.m; sourceTree = "<group>"; };
		E33FD0F51FFBDBFB00EB627A /* RNUeno.h */ = {isa = PBXFileReference; lastKnownFileType = sourcecode.c.h; path = RNUeno.h; sourceTree = "<group>"; };
		E3A2B89E1FEACEE70099C8F8 /* AppDelegate.h */ = {isa = PBXFileReference; fileEncoding = 4; lastKnownFileType = sourcecode.c.h; path = AppDelegate.h; sourceTree = "<group>"; };
		E3A2B89F1FEACEE70099C8F8 /* AppDelegate.m */ = {isa = PBXFileReference; fileEncoding = 4; lastKnownFileType = sourcecode.c.objc; path = AppDelegate.m; sourceTree = "<group>"; };
		E3A2B8A11FEACEE70099C8F8 /* Base */ = {isa = PBXFileReference; lastKnownFileType = file.xib; name = Base; path = Base.lproj/LaunchScreen.xib; sourceTree = "<group>"; };
		E3A2B8A31FEACEE70099C8F8 /* Images.xcassets */ = {isa = PBXFileReference; lastKnownFileType = folder.assetcatalog; path = Images.xcassets; sourceTree = "<group>"; };
		E3A2B8A41FEACEE70099C8F8 /* Info.plist */ = {isa = PBXFileReference; fileEncoding = 4; lastKnownFileType = text.plist.xml; path = Info.plist; sourceTree = "<group>"; };
		E3A2B8A51FEACEE70099C8F8 /* main.m */ = {isa = PBXFileReference; fileEncoding = 4; lastKnownFileType = sourcecode.c.objc; path = main.m; sourceTree = "<group>"; };
		F1D3BD74E40F9B230DB4A9F8 /* Pods-Wundershine.debug.xcconfig */ = {isa = PBXFileReference; includeInIndex = 1; lastKnownFileType = text.xcconfig; name = "Pods-Wundershine.debug.xcconfig"; path = "Pods/Target Support Files/Pods-Wundershine/Pods-Wundershine.debug.xcconfig"; sourceTree = "<group>"; };
/* End PBXFileReference section */

/* Begin PBXFrameworksBuildPhase section */
		13B07F8C1A680F5B00A75B9A /* Frameworks */ = {
			isa = PBXFrameworksBuildPhase;
			buildActionMask = 2147483647;
			files = (
				951F0055FBD63C3D7AB8CC27 /* libPods-Wundershine.a in Frameworks */,
			);
			runOnlyForDeploymentPostprocessing = 0;
		};
		6A00165920650B9500EAFA0E /* Frameworks */ = {
			isa = PBXFrameworksBuildPhase;
			buildActionMask = 2147483647;
			files = (
				6A585D1820694F6B00E7B9DA /* libVydiaRNFileUploader.a in Frameworks */,
				1651914F11C059AE916D75FF /* libPods-ShareReceiver.a in Frameworks */,
			);
			runOnlyForDeploymentPostprocessing = 0;
		};
/* End PBXFrameworksBuildPhase section */

/* Begin PBXGroup section */
		4CE6C5BA572EF6078027A293 /* Frameworks */ = {
			isa = PBXGroup;
			children = (
				6A8FB8FC2065744400EEFFA7 /* libReact-f5a795f1.a */,
				6A18E35920656AD2005ABDAE /* libBVLinearGradient.a */,
				6A18E35A20656AD2005ABDAE /* libCodePush.a */,
				6A18E35B20656AD2005ABDAE /* libDoubleConversion.a */,
				6A18E35C20656AD2005ABDAE /* libFolly.a */,
				6A18E35D20656AD2005ABDAE /* libglog.a */,
				6A18E35E20656AD2005ABDAE /* libKSCrash.a */,
				6A18E36120656AD2005ABDAE /* libReact-b9477e2b.a */,
				6A18E36220656AD2005ABDAE /* libReact-c60eff18.a */,
				6A18E36320656AD2005ABDAE /* libreact-native-blur.a */,
				6A18E36420656AD2005ABDAE /* libreact-native-config.a */,
				6A18E36520656AD2005ABDAE /* libreact-native-navigation.a */,
				6A18E36620656AD2005ABDAE /* libRNVectorIcons.a */,
				6A18E36720656AD2005ABDAE /* libSentry.a */,
				6A18E36820656AD2005ABDAE /* libSentryReactNative.a */,
				6A18E36920656AD2005ABDAE /* libyoga.a */,
				6A00167520650E2500EAFA0E /* libReact.a */,
				26DF8AAF3C01AFD343694BC2 /* libPods-ShareReceiver.a */,
				1FAF2DB259D45CD87C7B72DF /* libPods-Wundershine.a */,
			);
			name = Frameworks;
			sourceTree = "<group>";
		};
		6A00165D20650B9500EAFA0E /* ShareReceiver */ = {
			isa = PBXGroup;
			children = (
				6A100069209859CE00993637 /* ShareReceiver.entitlements */,
				6ACA76F3206577B400A6BE39 /* ReactNativeShareExtension.h */,
				6ACA76F4206577BF00A6BE39 /* ReactNativeShareExtension.m */,
				6A00166120650B9500EAFA0E /* MainInterface.storyboard */,
				6A00166420650B9600EAFA0E /* Info.plist */,
				6A00166C20650BEA00EAFA0E /* ShareReceiver.m */,
			);
			path = ShareReceiver;
			sourceTree = "<group>";
		};
		6A00166F20650C8200EAFA0E /* Products */ = {
			isa = PBXGroup;
			children = (
				6A00167320650C8200EAFA0E /* libReactNativeShareExtension.a */,
			);
			name = Products;
			sourceTree = "<group>";
		};
		6A585D1220694F5B00E7B9DA /* Products */ = {
			isa = PBXGroup;
			children = (
				6A585D1720694F5B00E7B9DA /* libVydiaRNFileUploader.a */,
			);
			name = Products;
			sourceTree = "<group>";
		};
		832341AE1AAA6A7D00B99B32 /* Libraries */ = {
			isa = PBXGroup;
			children = (
				6A585D1120694F5B00E7B9DA /* VydiaRNFileUploader.xcodeproj */,
				6A00166E20650C8200EAFA0E /* ReactNativeShareExtension.xcodeproj */,
			);
			name = Libraries;
			sourceTree = "<group>";
		};
		83CBB9F61A601CBA00E9B192 = {
			isa = PBXGroup;
			children = (
				6A6D35C520F7ACBD00151B09 /* wundershine-logos.ttf */,
				E3A2B89D1FEACEE70099C8F8 /* Wundershine */,
				832341AE1AAA6A7D00B99B32 /* Libraries */,
				6A00165D20650B9500EAFA0E /* ShareReceiver */,
				83CBBA001A601CBA00E9B192 /* Products */,
				4CE6C5BA572EF6078027A293 /* Frameworks */,
				FE2086993CFAD720BF01B6C1 /* Pods */,
			);
			indentWidth = 2;
			sourceTree = "<group>";
			tabWidth = 2;
		};
		83CBBA001A601CBA00E9B192 /* Products */ = {
			isa = PBXGroup;
			children = (
				13B07F961A680F5B00A75B9A /* Wundershine.app */,
				6A00165C20650B9500EAFA0E /* ShareReceiver.appex */,
			);
			name = Products;
			sourceTree = "<group>";
		};
		E3A2B89D1FEACEE70099C8F8 /* Wundershine */ = {
			isa = PBXGroup;
			children = (
				6A1000682098595F00993637 /* Wundershine.entitlements */,
				E3A2B89E1FEACEE70099C8F8 /* AppDelegate.h */,
				E3A2B89F1FEACEE70099C8F8 /* AppDelegate.m */,
				E3A2B8A01FEACEE70099C8F8 /* LaunchScreen.xib */,
				E3A2B8A31FEACEE70099C8F8 /* Images.xcassets */,
				E3A2B8A41FEACEE70099C8F8 /* Info.plist */,
				E3A2B8A51FEACEE70099C8F8 /* main.m */,
				E33FD0F31FFBDBD900EB627A /* RNUeno.m */,
				E33FD0F51FFBDBFB00EB627A /* RNUeno.h */,
			);
			path = Wundershine;
			sourceTree = "<group>";
		};
		FE2086993CFAD720BF01B6C1 /* Pods */ = {
			isa = PBXGroup;
			children = (
				43D3F013B0A8F2A146DE3084 /* Pods-ShareReceiver.debug.xcconfig */,
				7187B9D807611889EA80FFE4 /* Pods-ShareReceiver.release.xcconfig */,
				F1D3BD74E40F9B230DB4A9F8 /* Pods-Wundershine.debug.xcconfig */,
				DB762D40D55BFAED85929F12 /* Pods-Wundershine.release.xcconfig */,
			);
			name = Pods;
			sourceTree = "<group>";
		};
/* End PBXGroup section */

/* Begin PBXLegacyTarget section */
		E3AAD4501F573E3700B7831D /* build-env */ = {
			isa = PBXLegacyTarget;
			buildArgumentsString = "$(ACTION)";
			buildConfigurationList = E3AAD4511F573E3800B7831D /* Build configuration list for PBXLegacyTarget "build-env" */;
			buildPhases = (
			);
			buildToolPath = "${SRCROOT}/../scripts/build-env.sh";
			buildWorkingDirectory = "${SRCROOT}/..";
			dependencies = (
			);
			name = "build-env";
			passBuildSettingsInEnvironment = 1;
			productName = BuildEnv;
		};
/* End PBXLegacyTarget section */

/* Begin PBXNativeTarget section */
		13B07F861A680F5B00A75B9A /* Wundershine */ = {
			isa = PBXNativeTarget;
			buildConfigurationList = 13B07F931A680F5B00A75B9A /* Build configuration list for PBXNativeTarget "Wundershine" */;
			buildPhases = (
				EA946592A73B595038C3A0DB /* [CP] Check Pods Manifest.lock */,
				13B07F871A680F5B00A75B9A /* Sources */,
				13B07F8C1A680F5B00A75B9A /* Frameworks */,
				13B07F8E1A680F5B00A75B9A /* Resources */,
				00DD1BFF1BD5951E006B06BC /* Bundle React Native code and images */,
				6A00166B20650B9600EAFA0E /* Embed App Extensions */,
				86E9BCC9173030A4BD718A2D /* [CP] Copy Pods Resources */,
			);
			buildRules = (
			);
			dependencies = (
				6A00166620650B9600EAFA0E /* PBXTargetDependency */,
			);
			name = Wundershine;
			productName = "Hello World";
			productReference = 13B07F961A680F5B00A75B9A /* Wundershine.app */;
			productType = "com.apple.product-type.application";
		};
		6A00165B20650B9500EAFA0E /* ShareReceiver */ = {
			isa = PBXNativeTarget;
			buildConfigurationList = 6A00166A20650B9600EAFA0E /* Build configuration list for PBXNativeTarget "ShareReceiver" */;
			buildPhases = (
				2D15935F03260DA04647ABC6 /* [CP] Check Pods Manifest.lock */,
				6A00165820650B9500EAFA0E /* Sources */,
				6A00165920650B9500EAFA0E /* Frameworks */,
				6A00165A20650B9500EAFA0E /* Resources */,
				6A8CC46E2097387E00D75CFF /* ShellScript */,
			);
			buildRules = (
			);
			dependencies = (
			);
			name = ShareReceiver;
			productName = ShareReceiver;
			productReference = 6A00165C20650B9500EAFA0E /* ShareReceiver.appex */;
			productType = "com.apple.product-type.app-extension";
		};
/* End PBXNativeTarget section */

/* Begin PBXProject section */
		83CBB9F71A601CBA00E9B192 /* Project object */ = {
			isa = PBXProject;
			attributes = {
				LastUpgradeCheck = 0920;
				ORGANIZATIONNAME = Facebook;
				TargetAttributes = {
					13B07F861A680F5B00A75B9A = {
						DevelopmentTeam = FF2ZA34376;
						ProvisioningStyle = Manual;
						SystemCapabilities = {
							com.apple.ApplicationGroups.iOS = {
								enabled = 1;
							};
						};
					};
					6A00165B20650B9500EAFA0E = {
						CreatedOnToolsVersion = 9.2;
						DevelopmentTeam = FF2ZA34376;
						ProvisioningStyle = Manual;
						SystemCapabilities = {
							com.apple.ApplicationGroups.iOS = {
								enabled = 1;
							};
						};
					};
					E3AAD4501F573E3700B7831D = {
						CreatedOnToolsVersion = 8.3.3;
						DevelopmentTeam = 5PD7JU2FJC;
						ProvisioningStyle = Automatic;
					};
				};
			};
			buildConfigurationList = 83CBB9FA1A601CBA00E9B192 /* Build configuration list for PBXProject "Wundershine" */;
			compatibilityVersion = "Xcode 3.2";
			developmentRegion = English;
			hasScannedForEncodings = 0;
			knownRegions = (
				en,
				Base,
			);
			mainGroup = 83CBB9F61A601CBA00E9B192;
			productRefGroup = 83CBBA001A601CBA00E9B192 /* Products */;
			projectDirPath = "";
			projectReferences = (
				{
					ProductGroup = 6A00166F20650C8200EAFA0E /* Products */;
					ProjectRef = 6A00166E20650C8200EAFA0E /* ReactNativeShareExtension.xcodeproj */;
				},
				{
					ProductGroup = 6A585D1220694F5B00E7B9DA /* Products */;
					ProjectRef = 6A585D1120694F5B00E7B9DA /* VydiaRNFileUploader.xcodeproj */;
				},
			);
			projectRoot = "";
			targets = (
				E3AAD4501F573E3700B7831D /* build-env */,
				13B07F861A680F5B00A75B9A /* Wundershine */,
				6A00165B20650B9500EAFA0E /* ShareReceiver */,
			);
		};
/* End PBXProject section */

/* Begin PBXReferenceProxy section */
		6A00167320650C8200EAFA0E /* libReactNativeShareExtension.a */ = {
			isa = PBXReferenceProxy;
			fileType = archive.ar;
			path = libReactNativeShareExtension.a;
			remoteRef = 6A00167220650C8200EAFA0E /* PBXContainerItemProxy */;
			sourceTree = BUILT_PRODUCTS_DIR;
		};
		6A585D1720694F5B00E7B9DA /* libVydiaRNFileUploader.a */ = {
			isa = PBXReferenceProxy;
			fileType = archive.ar;
			path = libVydiaRNFileUploader.a;
			remoteRef = 6A585D1620694F5B00E7B9DA /* PBXContainerItemProxy */;
			sourceTree = BUILT_PRODUCTS_DIR;
		};
/* End PBXReferenceProxy section */

/* Begin PBXResourcesBuildPhase section */
		13B07F8E1A680F5B00A75B9A /* Resources */ = {
			isa = PBXResourcesBuildPhase;
			buildActionMask = 2147483647;
			files = (
				E3A2B8A91FEACEE70099C8F8 /* Images.xcassets in Resources */,
				6A6D35C820F7ACBD00151B09 /* wundershine-logos.ttf in Resources */,
				E3A2B8A71FEACEE70099C8F8 /* LaunchScreen.xib in Resources */,
			);
			runOnlyForDeploymentPostprocessing = 0;
		};
		6A00165A20650B9500EAFA0E /* Resources */ = {
			isa = PBXResourcesBuildPhase;
			buildActionMask = 2147483647;
			files = (
				6A6D35C920F7ACBD00151B09 /* wundershine-logos.ttf in Resources */,
				6A00166320650B9500EAFA0E /* MainInterface.storyboard in Resources */,
			);
			runOnlyForDeploymentPostprocessing = 0;
		};
/* End PBXResourcesBuildPhase section */

/* Begin PBXShellScriptBuildPhase section */
		00DD1BFF1BD5951E006B06BC /* Bundle React Native code and images */ = {
			isa = PBXShellScriptBuildPhase;
			buildActionMask = 2147483647;
			files = (
			);
			inputPaths = (
			);
			name = "Bundle React Native code and images";
			outputPaths = (
			);
			runOnlyForDeploymentPostprocessing = 0;
			shellPath = /bin/sh;
			shellScript = "export NODE_BINARY=node\n../node_modules/react-native/scripts/react-native-xcode.sh";
		};
		2D15935F03260DA04647ABC6 /* [CP] Check Pods Manifest.lock */ = {
			isa = PBXShellScriptBuildPhase;
			buildActionMask = 2147483647;
			files = (
			);
			inputPaths = (
				"${PODS_PODFILE_DIR_PATH}/Podfile.lock",
				"${PODS_ROOT}/Manifest.lock",
			);
			name = "[CP] Check Pods Manifest.lock";
			outputPaths = (
				"$(DERIVED_FILE_DIR)/Pods-ShareReceiver-checkManifestLockResult.txt",
			);
			runOnlyForDeploymentPostprocessing = 0;
			shellPath = /bin/sh;
			shellScript = "diff \"${PODS_PODFILE_DIR_PATH}/Podfile.lock\" \"${PODS_ROOT}/Manifest.lock\" > /dev/null\nif [ $? != 0 ] ; then\n    # print error to STDERR\n    echo \"error: The sandbox is not in sync with the Podfile.lock. Run 'pod install' or update your CocoaPods installation.\" >&2\n    exit 1\nfi\n# This output is used by Xcode 'outputs' to avoid re-running this script phase.\necho \"SUCCESS\" > \"${SCRIPT_OUTPUT_FILE_0}\"\n";
			showEnvVarsInLog = 0;
		};
		6A8CC46E2097387E00D75CFF /* ShellScript */ = {
			isa = PBXShellScriptBuildPhase;
			buildActionMask = 2147483647;
			files = (
			);
			inputPaths = (
			);
			outputPaths = (
			);
			runOnlyForDeploymentPostprocessing = 0;
			shellPath = /bin/sh;
			shellScript = "export NODE_BINARY=node\n../node_modules/react-native/scripts/react-native-xcode.sh";
		};
		86E9BCC9173030A4BD718A2D /* [CP] Copy Pods Resources */ = {
			isa = PBXShellScriptBuildPhase;
			buildActionMask = 2147483647;
			files = (
			);
			inputPaths = (
				"${SRCROOT}/Pods/Target Support Files/Pods-Wundershine/Pods-Wundershine-resources.sh",
				"${PODS_CONFIGURATION_BUILD_DIR}/QBImagePickerController/QBImagePicker.bundle",
				"${PODS_ROOT}/../../node_modules/react-native-vector-icons/Fonts/Entypo.ttf",
				"${PODS_ROOT}/../../node_modules/react-native-vector-icons/Fonts/EvilIcons.ttf",
				"${PODS_ROOT}/../../node_modules/react-native-vector-icons/Fonts/Feather.ttf",
				"${PODS_ROOT}/../../node_modules/react-native-vector-icons/Fonts/FontAwesome.ttf",
				"${PODS_ROOT}/../../node_modules/react-native-vector-icons/Fonts/Foundation.ttf",
				"${PODS_ROOT}/../../node_modules/react-native-vector-icons/Fonts/Ionicons.ttf",
				"${PODS_ROOT}/../../node_modules/react-native-vector-icons/Fonts/MaterialCommunityIcons.ttf",
				"${PODS_ROOT}/../../node_modules/react-native-vector-icons/Fonts/MaterialIcons.ttf",
				"${PODS_ROOT}/../../node_modules/react-native-vector-icons/Fonts/Octicons.ttf",
				"${PODS_ROOT}/../../node_modules/react-native-vector-icons/Fonts/SimpleLineIcons.ttf",
				"${PODS_ROOT}/../../node_modules/react-native-vector-icons/Fonts/Zocial.ttf",
				"${PODS_ROOT}/RSKImageCropper/RSKImageCropper/RSKImageCropperStrings.bundle",
				"${PODS_CONFIGURATION_BUILD_DIR}/Stripe/Stripe.bundle",
			);
			name = "[CP] Copy Pods Resources";
			outputPaths = (
				"${TARGET_BUILD_DIR}/${UNLOCALIZED_RESOURCES_FOLDER_PATH}/QBImagePicker.bundle",
				"${TARGET_BUILD_DIR}/${UNLOCALIZED_RESOURCES_FOLDER_PATH}/Entypo.ttf",
				"${TARGET_BUILD_DIR}/${UNLOCALIZED_RESOURCES_FOLDER_PATH}/EvilIcons.ttf",
				"${TARGET_BUILD_DIR}/${UNLOCALIZED_RESOURCES_FOLDER_PATH}/Feather.ttf",
				"${TARGET_BUILD_DIR}/${UNLOCALIZED_RESOURCES_FOLDER_PATH}/FontAwesome.ttf",
				"${TARGET_BUILD_DIR}/${UNLOCALIZED_RESOURCES_FOLDER_PATH}/Foundation.ttf",
				"${TARGET_BUILD_DIR}/${UNLOCALIZED_RESOURCES_FOLDER_PATH}/Ionicons.ttf",
				"${TARGET_BUILD_DIR}/${UNLOCALIZED_RESOURCES_FOLDER_PATH}/MaterialCommunityIcons.ttf",
				"${TARGET_BUILD_DIR}/${UNLOCALIZED_RESOURCES_FOLDER_PATH}/MaterialIcons.ttf",
				"${TARGET_BUILD_DIR}/${UNLOCALIZED_RESOURCES_FOLDER_PATH}/Octicons.ttf",
				"${TARGET_BUILD_DIR}/${UNLOCALIZED_RESOURCES_FOLDER_PATH}/SimpleLineIcons.ttf",
				"${TARGET_BUILD_DIR}/${UNLOCALIZED_RESOURCES_FOLDER_PATH}/Zocial.ttf",
				"${TARGET_BUILD_DIR}/${UNLOCALIZED_RESOURCES_FOLDER_PATH}/RSKImageCropperStrings.bundle",
				"${TARGET_BUILD_DIR}/${UNLOCALIZED_RESOURCES_FOLDER_PATH}/Stripe.bundle",
			);
			runOnlyForDeploymentPostprocessing = 0;
			shellPath = /bin/sh;
			shellScript = "\"${SRCROOT}/Pods/Target Support Files/Pods-Wundershine/Pods-Wundershine-resources.sh\"\n";
			showEnvVarsInLog = 0;
		};
		EA946592A73B595038C3A0DB /* [CP] Check Pods Manifest.lock */ = {
			isa = PBXShellScriptBuildPhase;
			buildActionMask = 2147483647;
			files = (
			);
			inputPaths = (
				"${PODS_PODFILE_DIR_PATH}/Podfile.lock",
				"${PODS_ROOT}/Manifest.lock",
			);
			name = "[CP] Check Pods Manifest.lock";
			outputPaths = (
				"$(DERIVED_FILE_DIR)/Pods-Wundershine-checkManifestLockResult.txt",
			);
			runOnlyForDeploymentPostprocessing = 0;
			shellPath = /bin/sh;
			shellScript = "diff \"${PODS_PODFILE_DIR_PATH}/Podfile.lock\" \"${PODS_ROOT}/Manifest.lock\" > /dev/null\nif [ $? != 0 ] ; then\n    # print error to STDERR\n    echo \"error: The sandbox is not in sync with the Podfile.lock. Run 'pod install' or update your CocoaPods installation.\" >&2\n    exit 1\nfi\n# This output is used by Xcode 'outputs' to avoid re-running this script phase.\necho \"SUCCESS\" > \"${SCRIPT_OUTPUT_FILE_0}\"\n";
			showEnvVarsInLog = 0;
		};
/* End PBXShellScriptBuildPhase section */

/* Begin PBXSourcesBuildPhase section */
		13B07F871A680F5B00A75B9A /* Sources */ = {
			isa = PBXSourcesBuildPhase;
			buildActionMask = 2147483647;
			files = (
				E3A2B8AB1FEACEE70099C8F8 /* main.m in Sources */,
				E33FD0F41FFBDBD900EB627A /* RNUeno.m in Sources */,
				E3A2B8A61FEACEE70099C8F8 /* AppDelegate.m in Sources */,
			);
			runOnlyForDeploymentPostprocessing = 0;
		};
		6A00165820650B9500EAFA0E /* Sources */ = {
			isa = PBXSourcesBuildPhase;
			buildActionMask = 2147483647;
			files = (
				6ACA76F5206577BF00A6BE39 /* ReactNativeShareExtension.m in Sources */,
				6A00166D20650BEA00EAFA0E /* ShareReceiver.m in Sources */,
			);
			runOnlyForDeploymentPostprocessing = 0;
		};
/* End PBXSourcesBuildPhase section */

/* Begin PBXTargetDependency section */
		6A00166620650B9600EAFA0E /* PBXTargetDependency */ = {
			isa = PBXTargetDependency;
			target = 6A00165B20650B9500EAFA0E /* ShareReceiver */;
			targetProxy = 6A00166520650B9600EAFA0E /* PBXContainerItemProxy */;
		};
/* End PBXTargetDependency section */

/* Begin PBXVariantGroup section */
		6A00166120650B9500EAFA0E /* MainInterface.storyboard */ = {
			isa = PBXVariantGroup;
			children = (
				6A00166220650B9500EAFA0E /* Base */,
			);
			name = MainInterface.storyboard;
			sourceTree = "<group>";
		};
		E3A2B8A01FEACEE70099C8F8 /* LaunchScreen.xib */ = {
			isa = PBXVariantGroup;
			children = (
				E3A2B8A11FEACEE70099C8F8 /* Base */,
			);
			name = LaunchScreen.xib;
			sourceTree = "<group>";
		};
/* End PBXVariantGroup section */

/* Begin XCBuildConfiguration section */
		13B07F941A680F5B00A75B9A /* Debug */ = {
			isa = XCBuildConfiguration;
			baseConfigurationReference = F1D3BD74E40F9B230DB4A9F8 /* Pods-Wundershine.debug.xcconfig */;
			buildSettings = {
				ASSETCATALOG_COMPILER_APPICON_NAME = AppIcon;
				CODE_SIGN_ENTITLEMENTS = Wundershine/Wundershine.entitlements;
				CODE_SIGN_IDENTITY = "iPhone Developer";
				"CODE_SIGN_IDENTITY[sdk=iphoneos*]" = "iPhone Developer";
				CODE_SIGN_STYLE = Manual;
				CURRENT_PROJECT_VERSION = 134;
				DEAD_CODE_STRIPPING = NO;
				DEVELOPMENT_TEAM = FF2ZA34376;
				INFOPLIST_FILE = Wundershine/Info.plist;
				INFOPLIST_OTHER_PREPROCESSOR_FLAGS = "-traditional";
				INFOPLIST_PREFIX_HEADER = "${BUILD_DIR}/GeneratedInfoPlistDotEnv.h";
				INFOPLIST_PREPROCESS = YES;
				LD_RUNPATH_SEARCH_PATHS = "$(inherited) @executable_path/Frameworks";
				OTHER_LDFLAGS = (
					"$(inherited)",
					"-ObjC",
					"-lc++",
				);
				PRODUCT_BUNDLE_IDENTIFIER = com.wundershine.app;
				PRODUCT_NAME = Wundershine;
				PROVISIONING_PROFILE = "f37db1a3-8fa9-48c9-93c1-a5a4ff779e23";
				PROVISIONING_PROFILE_SPECIFIER = "match Development com.wundershine.app";
				VERSIONING_SYSTEM = "apple-generic";
			};
			name = Debug;
		};
		13B07F951A680F5B00A75B9A /* Release */ = {
			isa = XCBuildConfiguration;
			baseConfigurationReference = DB762D40D55BFAED85929F12 /* Pods-Wundershine.release.xcconfig */;
			buildSettings = {
				ASSETCATALOG_COMPILER_APPICON_NAME = AppIcon;
				CODE_SIGN_ENTITLEMENTS = Wundershine/Wundershine.entitlements;
				CODE_SIGN_IDENTITY = "iPhone Developer";
				"CODE_SIGN_IDENTITY[sdk=iphoneos*]" = "iPhone Developer";
				CODE_SIGN_STYLE = Manual;
				CURRENT_PROJECT_VERSION = 134;
				DEVELOPMENT_TEAM = FF2ZA34376;
				INFOPLIST_FILE = Wundershine/Info.plist;
				INFOPLIST_OTHER_PREPROCESSOR_FLAGS = "-traditional";
				INFOPLIST_PREFIX_HEADER = "${BUILD_DIR}/GeneratedInfoPlistDotEnv.h";
				INFOPLIST_PREPROCESS = YES;
				LD_RUNPATH_SEARCH_PATHS = "$(inherited) @executable_path/Frameworks";
				OTHER_LDFLAGS = (
					"$(inherited)",
					"-ObjC",
					"-lc++",
				);
				PRODUCT_BUNDLE_IDENTIFIER = com.wundershine.app;
				PRODUCT_NAME = Wundershine;
				PROVISIONING_PROFILE = "f37db1a3-8fa9-48c9-93c1-a5a4ff779e23";
				PROVISIONING_PROFILE_SPECIFIER = "match Development com.wundershine.app";
				VERSIONING_SYSTEM = "apple-generic";
			};
			name = Release;
		};
		6A00166820650B9600EAFA0E /* Debug */ = {
			isa = XCBuildConfiguration;
			baseConfigurationReference = 43D3F013B0A8F2A146DE3084 /* Pods-ShareReceiver.debug.xcconfig */;
			buildSettings = {
				APPLICATION_EXTENSION_API_ONLY = NO;
				CLANG_ANALYZER_NONNULL = YES;
				CLANG_ANALYZER_NUMBER_OBJECT_CONVERSION = YES_AGGRESSIVE;
				CLANG_CXX_LANGUAGE_STANDARD = "gnu++14";
				CLANG_WARN_BLOCK_CAPTURE_AUTORELEASING = YES;
				CLANG_WARN_COMMA = YES;
				CLANG_WARN_DOCUMENTATION_COMMENTS = YES;
				CLANG_WARN_INFINITE_RECURSION = YES;
				CLANG_WARN_NON_LITERAL_NULL_CONVERSION = YES;
				CLANG_WARN_OBJC_LITERAL_CONVERSION = YES;
				CLANG_WARN_RANGE_LOOP_ANALYSIS = YES;
				CLANG_WARN_STRICT_PROTOTYPES = YES;
				CLANG_WARN_SUSPICIOUS_MOVE = YES;
				CLANG_WARN_UNGUARDED_AVAILABILITY = YES_AGGRESSIVE;
				CODE_SIGN_ENTITLEMENTS = ShareReceiver/ShareReceiver.entitlements;
				CODE_SIGN_IDENTITY = "iPhone Developer";
				CODE_SIGN_STYLE = Manual;
				DEBUG_INFORMATION_FORMAT = dwarf;
				DEVELOPMENT_TEAM = FF2ZA34376;
				ENABLE_TESTABILITY = YES;
				FRAMEWORK_SEARCH_PATHS = "";
				GCC_C_LANGUAGE_STANDARD = gnu11;
				GCC_NO_COMMON_BLOCKS = YES;
				HEADER_SEARCH_PATHS = "$(inherited)";
				INFOPLIST_FILE = ShareReceiver/Info.plist;
				IPHONEOS_DEPLOYMENT_TARGET = 11.2;
				LD_RUNPATH_SEARCH_PATHS = "$(inherited) @executable_path/Frameworks @executable_path/../../Frameworks";
				LIBRARY_SEARCH_PATHS = "$(inherited)";
				OTHER_LDFLAGS = "$(inherited)";
				PRODUCT_BUNDLE_IDENTIFIER = com.wundershine.app.ShareReceiver;
				PRODUCT_NAME = "$(TARGET_NAME)";
				PROVISIONING_PROFILE = "106ac272-ed6f-4baf-896d-354c59f3aab8";
				PROVISIONING_PROFILE_SPECIFIER = "match Development com.wundershine.app.ShareReceiver";
				SKIP_INSTALL = YES;
				TARGETED_DEVICE_FAMILY = "1,2";
			};
			name = Debug;
		};
		6A00166920650B9600EAFA0E /* Release */ = {
			isa = XCBuildConfiguration;
			baseConfigurationReference = 7187B9D807611889EA80FFE4 /* Pods-ShareReceiver.release.xcconfig */;
			buildSettings = {
				APPLICATION_EXTENSION_API_ONLY = NO;
				CLANG_ANALYZER_NONNULL = YES;
				CLANG_ANALYZER_NUMBER_OBJECT_CONVERSION = YES_AGGRESSIVE;
				CLANG_CXX_LANGUAGE_STANDARD = "gnu++14";
				CLANG_WARN_BLOCK_CAPTURE_AUTORELEASING = YES;
				CLANG_WARN_COMMA = YES;
				CLANG_WARN_DOCUMENTATION_COMMENTS = YES;
				CLANG_WARN_INFINITE_RECURSION = YES;
				CLANG_WARN_NON_LITERAL_NULL_CONVERSION = YES;
				CLANG_WARN_OBJC_LITERAL_CONVERSION = YES;
				CLANG_WARN_RANGE_LOOP_ANALYSIS = YES;
				CLANG_WARN_STRICT_PROTOTYPES = YES;
				CLANG_WARN_SUSPICIOUS_MOVE = YES;
				CLANG_WARN_UNGUARDED_AVAILABILITY = YES_AGGRESSIVE;
				CODE_SIGN_ENTITLEMENTS = ShareReceiver/ShareReceiver.entitlements;
				CODE_SIGN_IDENTITY = "iPhone Developer";
				CODE_SIGN_STYLE = Manual;
				COPY_PHASE_STRIP = NO;
				DEBUG_INFORMATION_FORMAT = "dwarf-with-dsym";
				DEVELOPMENT_TEAM = FF2ZA34376;
				FRAMEWORK_SEARCH_PATHS = "";
				GCC_C_LANGUAGE_STANDARD = gnu11;
				GCC_NO_COMMON_BLOCKS = YES;
				HEADER_SEARCH_PATHS = "$(inherited)";
				INFOPLIST_FILE = ShareReceiver/Info.plist;
				IPHONEOS_DEPLOYMENT_TARGET = 11.2;
				LD_RUNPATH_SEARCH_PATHS = "$(inherited) @executable_path/Frameworks @executable_path/../../Frameworks";
				LIBRARY_SEARCH_PATHS = "$(inherited)";
				OTHER_LDFLAGS = "$(inherited)";
				PRODUCT_BUNDLE_IDENTIFIER = com.wundershine.app.ShareReceiver;
				PRODUCT_NAME = "$(TARGET_NAME)";
				PROVISIONING_PROFILE = "106ac272-ed6f-4baf-896d-354c59f3aab8";
				PROVISIONING_PROFILE_SPECIFIER = "match Development com.wundershine.app.ShareReceiver";
				SKIP_INSTALL = YES;
				TARGETED_DEVICE_FAMILY = "1,2";
			};
			name = Release;
		};
		83CBBA201A601CBA00E9B192 /* Debug */ = {
			isa = XCBuildConfiguration;
			buildSettings = {
				ALWAYS_SEARCH_USER_PATHS = NO;
				CLANG_CXX_LANGUAGE_STANDARD = "gnu++0x";
				CLANG_CXX_LIBRARY = "libc++";
				CLANG_ENABLE_MODULES = YES;
				CLANG_ENABLE_OBJC_ARC = YES;
				CLANG_WARN_BOOL_CONVERSION = YES;
				CLANG_WARN_CONSTANT_CONVERSION = YES;
				CLANG_WARN_DIRECT_OBJC_ISA_USAGE = YES_ERROR;
				CLANG_WARN_EMPTY_BODY = YES;
				CLANG_WARN_ENUM_CONVERSION = YES;
				CLANG_WARN_INT_CONVERSION = YES;
				CLANG_WARN_OBJC_ROOT_CLASS = YES_ERROR;
				CLANG_WARN_UNREACHABLE_CODE = YES;
				CLANG_WARN__DUPLICATE_METHOD_MATCH = YES;
				"CODE_SIGN_IDENTITY[sdk=iphoneos*]" = "iPhone Developer";
				COPY_PHASE_STRIP = NO;
				ENABLE_STRICT_OBJC_MSGSEND = YES;
				GCC_C_LANGUAGE_STANDARD = gnu99;
				GCC_DYNAMIC_NO_PIC = NO;
				GCC_OPTIMIZATION_LEVEL = 0;
				GCC_PREPROCESSOR_DEFINITIONS = (
					"DEBUG=1",
					"$(inherited)",
				);
				GCC_SYMBOLS_PRIVATE_EXTERN = NO;
				GCC_WARN_64_TO_32_BIT_CONVERSION = YES;
				GCC_WARN_ABOUT_RETURN_TYPE = YES_ERROR;
				GCC_WARN_UNDECLARED_SELECTOR = YES;
				GCC_WARN_UNINITIALIZED_AUTOS = YES_AGGRESSIVE;
				GCC_WARN_UNUSED_FUNCTION = YES;
				GCC_WARN_UNUSED_VARIABLE = YES;
				IPHONEOS_DEPLOYMENT_TARGET = 8.0;
				MTL_ENABLE_DEBUG_INFO = YES;
				ONLY_ACTIVE_ARCH = YES;
				SDKROOT = iphoneos;
			};
			name = Debug;
		};
		83CBBA211A601CBA00E9B192 /* Release */ = {
			isa = XCBuildConfiguration;
			buildSettings = {
				ALWAYS_SEARCH_USER_PATHS = NO;
				CLANG_CXX_LANGUAGE_STANDARD = "gnu++0x";
				CLANG_CXX_LIBRARY = "libc++";
				CLANG_ENABLE_MODULES = YES;
				CLANG_ENABLE_OBJC_ARC = YES;
				CLANG_WARN_BOOL_CONVERSION = YES;
				CLANG_WARN_CONSTANT_CONVERSION = YES;
				CLANG_WARN_DIRECT_OBJC_ISA_USAGE = YES_ERROR;
				CLANG_WARN_EMPTY_BODY = YES;
				CLANG_WARN_ENUM_CONVERSION = YES;
				CLANG_WARN_INT_CONVERSION = YES;
				CLANG_WARN_OBJC_ROOT_CLASS = YES_ERROR;
				CLANG_WARN_UNREACHABLE_CODE = YES;
				CLANG_WARN__DUPLICATE_METHOD_MATCH = YES;
				"CODE_SIGN_IDENTITY[sdk=iphoneos*]" = "iPhone Developer";
				COPY_PHASE_STRIP = YES;
				ENABLE_NS_ASSERTIONS = NO;
				ENABLE_STRICT_OBJC_MSGSEND = YES;
				GCC_C_LANGUAGE_STANDARD = gnu99;
				GCC_WARN_64_TO_32_BIT_CONVERSION = YES;
				GCC_WARN_ABOUT_RETURN_TYPE = YES_ERROR;
				GCC_WARN_UNDECLARED_SELECTOR = YES;
				GCC_WARN_UNINITIALIZED_AUTOS = YES_AGGRESSIVE;
				GCC_WARN_UNUSED_FUNCTION = YES;
				GCC_WARN_UNUSED_VARIABLE = YES;
				IPHONEOS_DEPLOYMENT_TARGET = 8.0;
				MTL_ENABLE_DEBUG_INFO = NO;
				SDKROOT = iphoneos;
				VALIDATE_PRODUCT = YES;
			};
			name = Release;
		};
		E3AAD4521F573E3800B7831D /* Debug */ = {
			isa = XCBuildConfiguration;
			buildSettings = {
				CLANG_ANALYZER_NONNULL = YES;
				CLANG_ANALYZER_NUMBER_OBJECT_CONVERSION = YES_AGGRESSIVE;
				CLANG_WARN_DOCUMENTATION_COMMENTS = YES;
				CLANG_WARN_INFINITE_RECURSION = YES;
				CLANG_WARN_SUSPICIOUS_MOVE = YES;
				DEBUGGING_SYMBOLS = YES;
				DEBUG_INFORMATION_FORMAT = dwarf;
				DEVELOPMENT_TEAM = 5PD7JU2FJC;
				ENABLE_TESTABILITY = YES;
				GCC_GENERATE_DEBUGGING_SYMBOLS = YES;
				GCC_NO_COMMON_BLOCKS = YES;
				GCC_OPTIMIZATION_LEVEL = 0;
				OTHER_CFLAGS = "";
				OTHER_LDFLAGS = "";
				PRODUCT_NAME = "$(TARGET_NAME)";
			};
			name = Debug;
		};
		E3AAD4531F573E3800B7831D /* Release */ = {
			isa = XCBuildConfiguration;
			buildSettings = {
				CLANG_ANALYZER_NONNULL = YES;
				CLANG_ANALYZER_NUMBER_OBJECT_CONVERSION = YES_AGGRESSIVE;
				CLANG_WARN_DOCUMENTATION_COMMENTS = YES;
				CLANG_WARN_INFINITE_RECURSION = YES;
				CLANG_WARN_SUSPICIOUS_MOVE = YES;
				COPY_PHASE_STRIP = NO;
				DEBUG_INFORMATION_FORMAT = "dwarf-with-dsym";
				DEVELOPMENT_TEAM = 5PD7JU2FJC;
				GCC_NO_COMMON_BLOCKS = YES;
				OTHER_CFLAGS = "";
				OTHER_LDFLAGS = "";
				PRODUCT_NAME = "$(TARGET_NAME)";
			};
			name = Release;
		};
/* End XCBuildConfiguration section */

/* Begin XCConfigurationList section */
		13B07F931A680F5B00A75B9A /* Build configuration list for PBXNativeTarget "Wundershine" */ = {
			isa = XCConfigurationList;
			buildConfigurations = (
				13B07F941A680F5B00A75B9A /* Debug */,
				13B07F951A680F5B00A75B9A /* Release */,
			);
			defaultConfigurationIsVisible = 0;
			defaultConfigurationName = Release;
		};
		6A00166A20650B9600EAFA0E /* Build configuration list for PBXNativeTarget "ShareReceiver" */ = {
			isa = XCConfigurationList;
			buildConfigurations = (
				6A00166820650B9600EAFA0E /* Debug */,
				6A00166920650B9600EAFA0E /* Release */,
			);
			defaultConfigurationIsVisible = 0;
			defaultConfigurationName = Release;
		};
		83CBB9FA1A601CBA00E9B192 /* Build configuration list for PBXProject "Wundershine" */ = {
			isa = XCConfigurationList;
			buildConfigurations = (
				83CBBA201A601CBA00E9B192 /* Debug */,
				83CBBA211A601CBA00E9B192 /* Release */,
			);
			defaultConfigurationIsVisible = 0;
			defaultConfigurationName = Release;
		};
		E3AAD4511F573E3800B7831D /* Build configuration list for PBXLegacyTarget "build-env" */ = {
			isa = XCConfigurationList;
			buildConfigurations = (
				E3AAD4521F573E3800B7831D /* Debug */,
				E3AAD4531F573E3800B7831D /* Release */,
			);
			defaultConfigurationIsVisible = 0;
			defaultConfigurationName = Release;
		};
/* End XCConfigurationList section */
	};
	rootObject = 83CBB9F71A601CBA00E9B192 /* Project object */;
}
